
Microsoft Visual Studio Solution File, Format Version 12.00
# Visual Studio Version 17
VisualStudioVersion = 17.8.34525.116
MinimumVisualStudioVersion = 10.0.40219.1
Project("{FAE04EC0-301F-11D3-BF4B-00C04F79EFBC}") = "DevPract4", "DevPract4\DevPract4.csproj", "{8BF12C18-7FF8-46EA-A666-97280E8CE71A}"
EndProject
Global
	GlobalSection(SolutionConfigurationPlatforms) = preSolution
		Debug|Any CPU = Debug|Any CPU
		Release|Any CPU = Release|Any CPU
	EndGlobalSection
	GlobalSection(ProjectConfigurationPlatforms) = postSolution
		{8BF12C18-7FF8-46EA-A666-97280E8CE71A}.Debug|Any CPU.ActiveCfg = Debug|Any CPU
		{8BF12C18-7FF8-46EA-A666-97280E8CE71A}.Debug|Any CPU.Build.0 = Debug|Any CPU
		{8BF12C18-7FF8-46EA-A666-97280E8CE71A}.Release|Any CPU.ActiveCfg = Release|Any CPU
		{8BF12C18-7FF8-46EA-A666-97280E8CE71A}.Release|Any CPU.Build.0 = Release|Any CPU
	EndGlobalSection
	GlobalSection(SolutionProperties) = preSolution
		HideSolutionNode = FALSE
	EndGlobalSection
	GlobalSection(ExtensibilityGlobals) = postSolution
		SolutionGuid = {025F92F3-B928-422B-AEAA-D82329A89F39}
	EndGlobalSection
EndGlobal
